
Microsoft Visual Studio Solution File, Format Version 12.00
# Visual Studio 2013
VisualStudioVersion = 12.0.30501.0
MinimumVisualStudioVersion = 10.0.40219.1
Project("{FAE04EC0-301F-11D3-BF4B-00C04F79EFBC}") = "MTN Software MVC", "MTN Software MVC\MTN Software MVC.csproj", "{52E76EF5-4919-4C7D-825B-38A30A7A875E}"
EndProject
Project("{FAE04EC0-301F-11D3-BF4B-00C04F79EFBC}") = "MTN Software MVC.Tests", "MTN Software MVC.Tests\MTN Software MVC.Tests.csproj", "{2233A0D5-E9B5-4D29-8AEE-0D36FFF0F6C5}"
EndProject
Global
	GlobalSection(SolutionConfigurationPlatforms) = preSolution
		Debug|Any CPU = Debug|Any CPU
		Release|Any CPU = Release|Any CPU
	EndGlobalSection
	GlobalSection(ProjectConfigurationPlatforms) = postSolution
		{52E76EF5-4919-4C7D-825B-38A30A7A875E}.Debug|Any CPU.ActiveCfg = Debug|Any CPU
		{52E76EF5-4919-4C7D-825B-38A30A7A875E}.Debug|Any CPU.Build.0 = Debug|Any CPU
		{52E76EF5-4919-4C7D-825B-38A30A7A875E}.Release|Any CPU.ActiveCfg = Release|Any CPU
		{52E76EF5-4919-4C7D-825B-38A30A7A875E}.Release|Any CPU.Build.0 = Release|Any CPU
		{2233A0D5-E9B5-4D29-8AEE-0D36FFF0F6C5}.Debug|Any CPU.ActiveCfg = Debug|Any CPU
		{2233A0D5-E9B5-4D29-8AEE-0D36FFF0F6C5}.Debug|Any CPU.Build.0 = Debug|Any CPU
		{2233A0D5-E9B5-4D29-8AEE-0D36FFF0F6C5}.Release|Any CPU.ActiveCfg = Release|Any CPU
		{2233A0D5-E9B5-4D29-8AEE-0D36FFF0F6C5}.Release|Any CPU.Build.0 = Release|Any CPU
	EndGlobalSection
	GlobalSection(SolutionProperties) = preSolution
		HideSolutionNode = FALSE
	EndGlobalSection
EndGlobal
